// !$*UTF8*$!
{
	archiveVersion = 1;
	classes = {
	};
	objectVersion = 56;
	objects = {

/* Begin PBXBuildFile section */
		4CABEAF10A938999BB843F58 /* Pods_NasaDayPic.framework in Frameworks */ = {isa = PBXBuildFile; fileRef = A0ED6D37192B8DC53CF43B5F /* Pods_NasaDayPic.framework */; };
		759C55A02B7613AF007C5024 /* AppDelegate.swift in Sources */ = {isa = PBXBuildFile; fileRef = 759C559F2B7613AF007C5024 /* AppDelegate.swift */; };
		759C55A22B7613AF007C5024 /* SceneDelegate.swift in Sources */ = {isa = PBXBuildFile; fileRef = 759C55A12B7613AF007C5024 /* SceneDelegate.swift */; };
		759C55A42B7613AF007C5024 /* APODViewController.swift in Sources */ = {isa = PBXBuildFile; fileRef = 759C55A32B7613AF007C5024 /* APODViewController.swift */; };
		759C55A92B7613B1007C5024 /* Assets.xcassets in Resources */ = {isa = PBXBuildFile; fileRef = 759C55A82B7613B1007C5024 /* Assets.xcassets */; };
		759C55AC2B7613B1007C5024 /* LaunchScreen.storyboard in Resources */ = {isa = PBXBuildFile; fileRef = 759C55AA2B7613B1007C5024 /* LaunchScreen.storyboard */; };
		759C55BB2B762708007C5024 /* APODModel.swift in Sources */ = {isa = PBXBuildFile; fileRef = 759C55BA2B762708007C5024 /* APODModel.swift */; };
		759C55BD2B76272A007C5024 /* TabViewController.swift in Sources */ = {isa = PBXBuildFile; fileRef = 759C55BC2B76272A007C5024 /* TabViewController.swift */; };
		759C55BF2B7627E3007C5024 /* SearchViewController.swift in Sources */ = {isa = PBXBuildFile; fileRef = 759C55BE2B7627E3007C5024 /* SearchViewController.swift */; };
		759C55C12B76336F007C5024 /* Service.swift in Sources */ = {isa = PBXBuildFile; fileRef = 759C55C02B76336F007C5024 /* Service.swift */; };
		759C55C32B763385007C5024 /* Request.swift in Sources */ = {isa = PBXBuildFile; fileRef = 759C55C22B763385007C5024 /* Request.swift */; };
		759C562A2B77D33C007C5024 /* APODListViewViewModel.swift in Sources */ = {isa = PBXBuildFile; fileRef = 759C56292B77D33C007C5024 /* APODListViewViewModel.swift */; };
		759C562C2B77D5CF007C5024 /* APODListView.swift in Sources */ = {isa = PBXBuildFile; fileRef = 759C562B2B77D5CF007C5024 /* APODListView.swift */; };
		759C562E2B77EA27007C5024 /* APODCollectionViewCell.swift in Sources */ = {isa = PBXBuildFile; fileRef = 759C562D2B77EA27007C5024 /* APODCollectionViewCell.swift */; };
		759C56302B77EBD5007C5024 /* APODCollectionViewCellViewModel.swift in Sources */ = {isa = PBXBuildFile; fileRef = 759C562F2B77EBD5007C5024 /* APODCollectionViewCellViewModel.swift */; };
		759C56322B78DE26007C5024 /* GetAllAPODsResponse.swift in Sources */ = {isa = PBXBuildFile; fileRef = 759C56312B78DE26007C5024 /* GetAllAPODsResponse.swift */; };
		759C56342B791A39007C5024 /* APODDetailViewController.swift in Sources */ = {isa = PBXBuildFile; fileRef = 759C56332B791A39007C5024 /* APODDetailViewController.swift */; };
		759C56362B791AE6007C5024 /* APODDetailView.swift in Sources */ = {isa = PBXBuildFile; fileRef = 759C56352B791AE6007C5024 /* APODDetailView.swift */; };
		759C56382B791B54007C5024 /* APODDetailViewViewModel.swift in Sources */ = {isa = PBXBuildFile; fileRef = 759C56372B791B54007C5024 /* APODDetailViewViewModel.swift */; };
		759C563A2B7A2213007C5024 /* FooterLoadingCollectionReusableView.swift in Sources */ = {isa = PBXBuildFile; fileRef = 759C56392B7A2213007C5024 /* FooterLoadingCollectionReusableView.swift */; };
		759C563C2B7A3ED9007C5024 /* ImageLoader.swift in Sources */ = {isa = PBXBuildFile; fileRef = 759C563B2B7A3ED9007C5024 /* ImageLoader.swift */; };
/* End PBXBuildFile section */

/* Begin PBXFileReference section */
		5387BA2116861D3D0DE91B9B /* Pods-NasaDayPic.debug.xcconfig */ = {isa = PBXFileReference; includeInIndex = 1; lastKnownFileType = text.xcconfig; name = "Pods-NasaDayPic.debug.xcconfig"; path = "Target Support Files/Pods-NasaDayPic/Pods-NasaDayPic.debug.xcconfig"; sourceTree = "<group>"; };
		759C559C2B7613AF007C5024 /* NasaDayPic.app */ = {isa = PBXFileReference; explicitFileType = wrapper.application; includeInIndex = 0; path = NasaDayPic.app; sourceTree = BUILT_PRODUCTS_DIR; };
		759C559F2B7613AF007C5024 /* AppDelegate.swift */ = {isa = PBXFileReference; lastKnownFileType = sourcecode.swift; path = AppDelegate.swift; sourceTree = "<group>"; };
		759C55A12B7613AF007C5024 /* SceneDelegate.swift */ = {isa = PBXFileReference; lastKnownFileType = sourcecode.swift; path = SceneDelegate.swift; sourceTree = "<group>"; };
		759C55A32B7613AF007C5024 /* APODViewController.swift */ = {isa = PBXFileReference; lastKnownFileType = sourcecode.swift; path = APODViewController.swift; sourceTree = "<group>"; };
		759C55A82B7613B1007C5024 /* Assets.xcassets */ = {isa = PBXFileReference; lastKnownFileType = folder.assetcatalog; path = Assets.xcassets; sourceTree = "<group>"; };
		759C55AB2B7613B1007C5024 /* Base */ = {isa = PBXFileReference; lastKnownFileType = file.storyboard; name = Base; path = Base.lproj/LaunchScreen.storyboard; sourceTree = "<group>"; };
		759C55AD2B7613B1007C5024 /* Info.plist */ = {isa = PBXFileReference; lastKnownFileType = text.plist.xml; path = Info.plist; sourceTree = "<group>"; };
		759C55BA2B762708007C5024 /* APODModel.swift */ = {isa = PBXFileReference; lastKnownFileType = sourcecode.swift; path = APODModel.swift; sourceTree = "<group>"; };
		759C55BC2B76272A007C5024 /* TabViewController.swift */ = {isa = PBXFileReference; lastKnownFileType = sourcecode.swift; path = TabViewController.swift; sourceTree = "<group>"; };
		759C55BE2B7627E3007C5024 /* SearchViewController.swift */ = {isa = PBXFileReference; lastKnownFileType = sourcecode.swift; path = SearchViewController.swift; sourceTree = "<group>"; };
		759C55C02B76336F007C5024 /* Service.swift */ = {isa = PBXFileReference; lastKnownFileType = sourcecode.swift; path = Service.swift; sourceTree = "<group>"; };
		759C55C22B763385007C5024 /* Request.swift */ = {isa = PBXFileReference; lastKnownFileType = sourcecode.swift; path = Request.swift; sourceTree = "<group>"; };
		759C56292B77D33C007C5024 /* APODListViewViewModel.swift */ = {isa = PBXFileReference; lastKnownFileType = sourcecode.swift; path = APODListViewViewModel.swift; sourceTree = "<group>"; };
		759C562B2B77D5CF007C5024 /* APODListView.swift */ = {isa = PBXFileReference; lastKnownFileType = sourcecode.swift; path = APODListView.swift; sourceTree = "<group>"; };
		759C562D2B77EA27007C5024 /* APODCollectionViewCell.swift */ = {isa = PBXFileReference; lastKnownFileType = sourcecode.swift; path = APODCollectionViewCell.swift; sourceTree = "<group>"; };
		759C562F2B77EBD5007C5024 /* APODCollectionViewCellViewModel.swift */ = {isa = PBXFileReference; lastKnownFileType = sourcecode.swift; path = APODCollectionViewCellViewModel.swift; sourceTree = "<group>"; };
		759C56312B78DE26007C5024 /* GetAllAPODsResponse.swift */ = {isa = PBXFileReference; lastKnownFileType = sourcecode.swift; path = GetAllAPODsResponse.swift; sourceTree = "<group>"; };
		759C56332B791A39007C5024 /* APODDetailViewController.swift */ = {isa = PBXFileReference; lastKnownFileType = sourcecode.swift; path = APODDetailViewController.swift; sourceTree = "<group>"; };
		759C56352B791AE6007C5024 /* APODDetailView.swift */ = {isa = PBXFileReference; lastKnownFileType = sourcecode.swift; path = APODDetailView.swift; sourceTree = "<group>"; };
		759C56372B791B54007C5024 /* APODDetailViewViewModel.swift */ = {isa = PBXFileReference; lastKnownFileType = sourcecode.swift; path = APODDetailViewViewModel.swift; sourceTree = "<group>"; };
		759C56392B7A2213007C5024 /* FooterLoadingCollectionReusableView.swift */ = {isa = PBXFileReference; lastKnownFileType = sourcecode.swift; path = FooterLoadingCollectionReusableView.swift; sourceTree = "<group>"; };
		759C563B2B7A3ED9007C5024 /* ImageLoader.swift */ = {isa = PBXFileReference; lastKnownFileType = sourcecode.swift; path = ImageLoader.swift; sourceTree = "<group>"; };
		A0ED6D37192B8DC53CF43B5F /* Pods_NasaDayPic.framework */ = {isa = PBXFileReference; explicitFileType = wrapper.framework; includeInIndex = 0; path = Pods_NasaDayPic.framework; sourceTree = BUILT_PRODUCTS_DIR; };
		D5999C2FCE24A091944FB5DA /* Pods-NasaDayPic.release.xcconfig */ = {isa = PBXFileReference; includeInIndex = 1; lastKnownFileType = text.xcconfig; name = "Pods-NasaDayPic.release.xcconfig"; path = "Target Support Files/Pods-NasaDayPic/Pods-NasaDayPic.release.xcconfig"; sourceTree = "<group>"; };
/* End PBXFileReference section */

/* Begin PBXFrameworksBuildPhase section */
		759C55992B7613AF007C5024 /* Frameworks */ = {
			isa = PBXFrameworksBuildPhase;
			buildActionMask = 2147483647;
			files = (
				4CABEAF10A938999BB843F58 /* Pods_NasaDayPic.framework in Frameworks */,
			);
			runOnlyForDeploymentPostprocessing = 0;
		};
/* End PBXFrameworksBuildPhase section */

/* Begin PBXGroup section */
		5B6FD7920639378571E995CB /* Frameworks */ = {
			isa = PBXGroup;
			children = (
				A0ED6D37192B8DC53CF43B5F /* Pods_NasaDayPic.framework */,
			);
			name = Frameworks;
			sourceTree = "<group>";
		};
		759C55932B7613AF007C5024 = {
			isa = PBXGroup;
			children = (
				759C559E2B7613AF007C5024 /* NasaDayPic */,
				759C559D2B7613AF007C5024 /* Products */,
				9A37E9FF4CA76DDC4204C8D8 /* Pods */,
				5B6FD7920639378571E995CB /* Frameworks */,
			);
			sourceTree = "<group>";
		};
		759C559D2B7613AF007C5024 /* Products */ = {
			isa = PBXGroup;
			children = (
				759C559C2B7613AF007C5024 /* NasaDayPic.app */,
			);
			name = Products;
			sourceTree = "<group>";
		};
		759C559E2B7613AF007C5024 /* NasaDayPic */ = {
			isa = PBXGroup;
			children = (
				759C55B92B7615F3007C5024 /* Controllers */,
				759C55B82B7615C4007C5024 /* Resources */,
				759C55B72B7615B5007C5024 /* Managers */,
				759C55B62B7615AD007C5024 /* APIClient */,
				759C55B52B761590007C5024 /* ViewModels */,
				759C55B42B76157C007C5024 /* Views */,
				759C55B32B761573007C5024 /* Models */,
				759C55AD2B7613B1007C5024 /* Info.plist */,
			);
			path = NasaDayPic;
			sourceTree = "<group>";
		};
		759C55B32B761573007C5024 /* Models */ = {
			isa = PBXGroup;
			children = (
				759C55BA2B762708007C5024 /* APODModel.swift */,
				759C56312B78DE26007C5024 /* GetAllAPODsResponse.swift */,
			);
			path = Models;
			sourceTree = "<group>";
		};
		759C55B42B76157C007C5024 /* Views */ = {
			isa = PBXGroup;
			children = (
				759C562B2B77D5CF007C5024 /* APODListView.swift */,
				759C562D2B77EA27007C5024 /* APODCollectionViewCell.swift */,
				759C56352B791AE6007C5024 /* APODDetailView.swift */,
				759C56392B7A2213007C5024 /* FooterLoadingCollectionReusableView.swift */,
			);
			path = Views;
			sourceTree = "<group>";
		};
		759C55B52B761590007C5024 /* ViewModels */ = {
			isa = PBXGroup;
			children = (
				759C56292B77D33C007C5024 /* APODListViewViewModel.swift */,
				759C562F2B77EBD5007C5024 /* APODCollectionViewCellViewModel.swift */,
				759C56372B791B54007C5024 /* APODDetailViewViewModel.swift */,
			);
			path = ViewModels;
			sourceTree = "<group>";
		};
		759C55B62B7615AD007C5024 /* APIClient */ = {
			isa = PBXGroup;
			children = (
				759C55C02B76336F007C5024 /* Service.swift */,
				759C55C22B763385007C5024 /* Request.swift */,
			);
			path = APIClient;
			sourceTree = "<group>";
		};
		759C55B72B7615B5007C5024 /* Managers */ = {
			isa = PBXGroup;
			children = (
				759C563B2B7A3ED9007C5024 /* ImageLoader.swift */,
			);
			path = Managers;
			sourceTree = "<group>";
		};
		759C55B82B7615C4007C5024 /* Resources */ = {
			isa = PBXGroup;
			children = (
				759C559F2B7613AF007C5024 /* AppDelegate.swift */,
				759C55A12B7613AF007C5024 /* SceneDelegate.swift */,
				759C55A82B7613B1007C5024 /* Assets.xcassets */,
				759C55AA2B7613B1007C5024 /* LaunchScreen.storyboard */,
			);
			path = Resources;
			sourceTree = "<group>";
		};
		759C55B92B7615F3007C5024 /* Controllers */ = {
			isa = PBXGroup;
			children = (
				759C55A32B7613AF007C5024 /* APODViewController.swift */,
				759C55BC2B76272A007C5024 /* TabViewController.swift */,
				759C55BE2B7627E3007C5024 /* SearchViewController.swift */,
				759C56332B791A39007C5024 /* APODDetailViewController.swift */,
			);
			path = Controllers;
			sourceTree = "<group>";
		};
		9A37E9FF4CA76DDC4204C8D8 /* Pods */ = {
			isa = PBXGroup;
			children = (
				5387BA2116861D3D0DE91B9B /* Pods-NasaDayPic.debug.xcconfig */,
				D5999C2FCE24A091944FB5DA /* Pods-NasaDayPic.release.xcconfig */,
			);
			path = Pods;
			sourceTree = "<group>";
		};
/* End PBXGroup section */

/* Begin PBXNativeTarget section */
		759C559B2B7613AF007C5024 /* NasaDayPic */ = {
			isa = PBXNativeTarget;
			buildConfigurationList = 759C55B02B7613B1007C5024 /* Build configuration list for PBXNativeTarget "NasaDayPic" */;
			buildPhases = (
				AB5264BC1174C22056C92B5B /* [CP] Check Pods Manifest.lock */,
				759C55982B7613AF007C5024 /* Sources */,
				759C55992B7613AF007C5024 /* Frameworks */,
				759C559A2B7613AF007C5024 /* Resources */,
				DC3EC54E4B7008EADA2F41A8 /* [CP] Embed Pods Frameworks */,
			);
			buildRules = (
			);
			dependencies = (
			);
			name = NasaDayPic;
			productName = NasaDayPic;
			productReference = 759C559C2B7613AF007C5024 /* NasaDayPic.app */;
			productType = "com.apple.product-type.application";
		};
/* End PBXNativeTarget section */

/* Begin PBXProject section */
		759C55942B7613AF007C5024 /* Project object */ = {
			isa = PBXProject;
			attributes = {
				BuildIndependentTargetsInParallel = 1;
				LastSwiftUpdateCheck = 1520;
				LastUpgradeCheck = 1520;
				TargetAttributes = {
					759C559B2B7613AF007C5024 = {
						CreatedOnToolsVersion = 15.2;
					};
				};
			};
			buildConfigurationList = 759C55972B7613AF007C5024 /* Build configuration list for PBXProject "NasaDayPic" */;
			compatibilityVersion = "Xcode 14.0";
			developmentRegion = en;
			hasScannedForEncodings = 0;
			knownRegions = (
				en,
				Base,
			);
			mainGroup = 759C55932B7613AF007C5024;
			productRefGroup = 759C559D2B7613AF007C5024 /* Products */;
			projectDirPath = "";
			projectRoot = "";
			targets = (
				759C559B2B7613AF007C5024 /* NasaDayPic */,
			);
		};
/* End PBXProject section */

/* Begin PBXResourcesBuildPhase section */
		759C559A2B7613AF007C5024 /* Resources */ = {
			isa = PBXResourcesBuildPhase;
			buildActionMask = 2147483647;
			files = (
				759C55AC2B7613B1007C5024 /* LaunchScreen.storyboard in Resources */,
				759C55A92B7613B1007C5024 /* Assets.xcassets in Resources */,
			);
			runOnlyForDeploymentPostprocessing = 0;
		};
/* End PBXResourcesBuildPhase section */

/* Begin PBXShellScriptBuildPhase section */
		AB5264BC1174C22056C92B5B /* [CP] Check Pods Manifest.lock */ = {
			isa = PBXShellScriptBuildPhase;
			buildActionMask = 2147483647;
			files = (
			);
			inputFileListPaths = (
			);
			inputPaths = (
				"${PODS_PODFILE_DIR_PATH}/Podfile.lock",
				"${PODS_ROOT}/Manifest.lock",
			);
			name = "[CP] Check Pods Manifest.lock";
			outputFileListPaths = (
			);
			outputPaths = (
				"$(DERIVED_FILE_DIR)/Pods-NasaDayPic-checkManifestLockResult.txt",
			);
			runOnlyForDeploymentPostprocessing = 0;
			shellPath = /bin/sh;
			shellScript = "diff \"${PODS_PODFILE_DIR_PATH}/Podfile.lock\" \"${PODS_ROOT}/Manifest.lock\" > /dev/null\nif [ $? != 0 ] ; then\n    # print error to STDERR\n    echo \"error: The sandbox is not in sync with the Podfile.lock. Run 'pod install' or update your CocoaPods installation.\" >&2\n    exit 1\nfi\n# This output is used by Xcode 'outputs' to avoid re-running this script phase.\necho \"SUCCESS\" > \"${SCRIPT_OUTPUT_FILE_0}\"\n";
			showEnvVarsInLog = 0;
		};
		DC3EC54E4B7008EADA2F41A8 /* [CP] Embed Pods Frameworks */ = {
			isa = PBXShellScriptBuildPhase;
			buildActionMask = 2147483647;
			files = (
			);
			inputFileListPaths = (
				"${PODS_ROOT}/Target Support Files/Pods-NasaDayPic/Pods-NasaDayPic-frameworks-${CONFIGURATION}-input-files.xcfilelist",
			);
			name = "[CP] Embed Pods Frameworks";
			outputFileListPaths = (
				"${PODS_ROOT}/Target Support Files/Pods-NasaDayPic/Pods-NasaDayPic-frameworks-${CONFIGURATION}-output-files.xcfilelist",
			);
			runOnlyForDeploymentPostprocessing = 0;
			shellPath = /bin/sh;
			shellScript = "\"${PODS_ROOT}/Target Support Files/Pods-NasaDayPic/Pods-NasaDayPic-frameworks.sh\"\n";
			showEnvVarsInLog = 0;
		};
/* End PBXShellScriptBuildPhase section */

/* Begin PBXSourcesBuildPhase section */
		759C55982B7613AF007C5024 /* Sources */ = {
			isa = PBXSourcesBuildPhase;
			buildActionMask = 2147483647;
			files = (
				759C55BF2B7627E3007C5024 /* SearchViewController.swift in Sources */,
				759C562A2B77D33C007C5024 /* APODListViewViewModel.swift in Sources */,
				759C55C32B763385007C5024 /* Request.swift in Sources */,
				759C55C12B76336F007C5024 /* Service.swift in Sources */,
				759C55A42B7613AF007C5024 /* APODViewController.swift in Sources */,
				759C563A2B7A2213007C5024 /* FooterLoadingCollectionReusableView.swift in Sources */,
				759C56342B791A39007C5024 /* APODDetailViewController.swift in Sources */,
				759C56382B791B54007C5024 /* APODDetailViewViewModel.swift in Sources */,
				759C562E2B77EA27007C5024 /* APODCollectionViewCell.swift in Sources */,
				759C55A02B7613AF007C5024 /* AppDelegate.swift in Sources */,
				759C56302B77EBD5007C5024 /* APODCollectionViewCellViewModel.swift in Sources */,
				759C562C2B77D5CF007C5024 /* APODListView.swift in Sources */,
				759C56322B78DE26007C5024 /* GetAllAPODsResponse.swift in Sources */,
				759C55A22B7613AF007C5024 /* SceneDelegate.swift in Sources */,
				759C563C2B7A3ED9007C5024 /* ImageLoader.swift in Sources */,
				759C55BD2B76272A007C5024 /* TabViewController.swift in Sources */,
				759C56362B791AE6007C5024 /* APODDetailView.swift in Sources */,
				759C55BB2B762708007C5024 /* APODModel.swift in Sources */,
			);
			runOnlyForDeploymentPostprocessing = 0;
		};
/* End PBXSourcesBuildPhase section */

/* Begin PBXVariantGroup section */
		759C55AA2B7613B1007C5024 /* LaunchScreen.storyboard */ = {
			isa = PBXVariantGroup;
			children = (
				759C55AB2B7613B1007C5024 /* Base */,
			);
			name = LaunchScreen.storyboard;
			sourceTree = "<group>";
		};
/* End PBXVariantGroup section */

/* Begin XCBuildConfiguration section */
		759C55AE2B7613B1007C5024 /* Debug */ = {
			isa = XCBuildConfiguration;
			buildSettings = {
				ALWAYS_SEARCH_USER_PATHS = NO;
				ASSETCATALOG_COMPILER_GENERATE_SWIFT_ASSET_SYMBOL_EXTENSIONS = YES;
				CLANG_ANALYZER_NONNULL = YES;
				CLANG_ANALYZER_NUMBER_OBJECT_CONVERSION = YES_AGGRESSIVE;
				CLANG_CXX_LANGUAGE_STANDARD = "gnu++20";
				CLANG_ENABLE_MODULES = YES;
				CLANG_ENABLE_OBJC_ARC = YES;
				CLANG_ENABLE_OBJC_WEAK = YES;
				CLANG_WARN_BLOCK_CAPTURE_AUTORELEASING = YES;
				CLANG_WARN_BOOL_CONVERSION = YES;
				CLANG_WARN_COMMA = YES;
				CLANG_WARN_CONSTANT_CONVERSION = YES;
				CLANG_WARN_DEPRECATED_OBJC_IMPLEMENTATIONS = YES;
				CLANG_WARN_DIRECT_OBJC_ISA_USAGE = YES_ERROR;
				CLANG_WARN_DOCUMENTATION_COMMENTS = YES;
				CLANG_WARN_EMPTY_BODY = YES;
				CLANG_WARN_ENUM_CONVERSION = YES;
				CLANG_WARN_INFINITE_RECURSION = YES;
				CLANG_WARN_INT_CONVERSION = YES;
				CLANG_WARN_NON_LITERAL_NULL_CONVERSION = YES;
				CLANG_WARN_OBJC_IMPLICIT_RETAIN_SELF = YES;
				CLANG_WARN_OBJC_LITERAL_CONVERSION = YES;
				CLANG_WARN_OBJC_ROOT_CLASS = YES_ERROR;
				CLANG_WARN_QUOTED_INCLUDE_IN_FRAMEWORK_HEADER = YES;
				CLANG_WARN_RANGE_LOOP_ANALYSIS = YES;
				CLANG_WARN_STRICT_PROTOTYPES = YES;
				CLANG_WARN_SUSPICIOUS_MOVE = YES;
				CLANG_WARN_UNGUARDED_AVAILABILITY = YES_AGGRESSIVE;
				CLANG_WARN_UNREACHABLE_CODE = YES;
				CLANG_WARN__DUPLICATE_METHOD_MATCH = YES;
				COPY_PHASE_STRIP = NO;
				DEBUG_INFORMATION_FORMAT = dwarf;
				ENABLE_STRICT_OBJC_MSGSEND = YES;
				ENABLE_TESTABILITY = YES;
				ENABLE_USER_SCRIPT_SANDBOXING = NO;
				GCC_C_LANGUAGE_STANDARD = gnu17;
				GCC_DYNAMIC_NO_PIC = NO;
				GCC_NO_COMMON_BLOCKS = YES;
				GCC_OPTIMIZATION_LEVEL = 0;
				GCC_PREPROCESSOR_DEFINITIONS = (
					"DEBUG=1",
					"$(inherited)",
				);
				GCC_WARN_64_TO_32_BIT_CONVERSION = YES;
				GCC_WARN_ABOUT_RETURN_TYPE = YES_ERROR;
				GCC_WARN_UNDECLARED_SELECTOR = YES;
				GCC_WARN_UNINITIALIZED_AUTOS = YES_AGGRESSIVE;
				GCC_WARN_UNUSED_FUNCTION = YES;
				GCC_WARN_UNUSED_VARIABLE = YES;
				IPHONEOS_DEPLOYMENT_TARGET = 15.1;
				LOCALIZATION_PREFERS_STRING_CATALOGS = YES;
				MTL_ENABLE_DEBUG_INFO = INCLUDE_SOURCE;
				MTL_FAST_MATH = YES;
				ONLY_ACTIVE_ARCH = YES;
				SDKROOT = iphoneos;
				SWIFT_ACTIVE_COMPILATION_CONDITIONS = "DEBUG $(inherited)";
				SWIFT_OPTIMIZATION_LEVEL = "-Onone";
			};
			name = Debug;
		};
		759C55AF2B7613B1007C5024 /* Release */ = {
			isa = XCBuildConfiguration;
			buildSettings = {
				ALWAYS_SEARCH_USER_PATHS = NO;
				ASSETCATALOG_COMPILER_GENERATE_SWIFT_ASSET_SYMBOL_EXTENSIONS = YES;
				CLANG_ANALYZER_NONNULL = YES;
				CLANG_ANALYZER_NUMBER_OBJECT_CONVERSION = YES_AGGRESSIVE;
				CLANG_CXX_LANGUAGE_STANDARD = "gnu++20";
				CLANG_ENABLE_MODULES = YES;
				CLANG_ENABLE_OBJC_ARC = YES;
				CLANG_ENABLE_OBJC_WEAK = YES;
				CLANG_WARN_BLOCK_CAPTURE_AUTORELEASING = YES;
				CLANG_WARN_BOOL_CONVERSION = YES;
				CLANG_WARN_COMMA = YES;
				CLANG_WARN_CONSTANT_CONVERSION = YES;
				CLANG_WARN_DEPRECATED_OBJC_IMPLEMENTATIONS = YES;
				CLANG_WARN_DIRECT_OBJC_ISA_USAGE = YES_ERROR;
				CLANG_WARN_DOCUMENTATION_COMMENTS = YES;
				CLANG_WARN_EMPTY_BODY = YES;
				CLANG_WARN_ENUM_CONVERSION = YES;
				CLANG_WARN_INFINITE_RECURSION = YES;
				CLANG_WARN_INT_CONVERSION = YES;
				CLANG_WARN_NON_LITERAL_NULL_CONVERSION = YES;
				CLANG_WARN_OBJC_IMPLICIT_RETAIN_SELF = YES;
				CLANG_WARN_OBJC_LITERAL_CONVERSION = YES;
				CLANG_WARN_OBJC_ROOT_CLASS = YES_ERROR;
				CLANG_WARN_QUOTED_INCLUDE_IN_FRAMEWORK_HEADER = YES;
				CLANG_WARN_RANGE_LOOP_ANALYSIS = YES;
				CLANG_WARN_STRICT_PROTOTYPES = YES;
				CLANG_WARN_SUSPICIOUS_MOVE = YES;
				CLANG_WARN_UNGUARDED_AVAILABILITY = YES_AGGRESSIVE;
				CLANG_WARN_UNREACHABLE_CODE = YES;
				CLANG_WARN__DUPLICATE_METHOD_MATCH = YES;
				COPY_PHASE_STRIP = NO;
				DEBUG_INFORMATION_FORMAT = "dwarf-with-dsym";
				ENABLE_NS_ASSERTIONS = NO;
				ENABLE_STRICT_OBJC_MSGSEND = YES;
				ENABLE_USER_SCRIPT_SANDBOXING = NO;
				GCC_C_LANGUAGE_STANDARD = gnu17;
				GCC_NO_COMMON_BLOCKS = YES;
				GCC_WARN_64_TO_32_BIT_CONVERSION = YES;
				GCC_WARN_ABOUT_RETURN_TYPE = YES_ERROR;
				GCC_WARN_UNDECLARED_SELECTOR = YES;
				GCC_WARN_UNINITIALIZED_AUTOS = YES_AGGRESSIVE;
				GCC_WARN_UNUSED_FUNCTION = YES;
				GCC_WARN_UNUSED_VARIABLE = YES;
				IPHONEOS_DEPLOYMENT_TARGET = 15.1;
				LOCALIZATION_PREFERS_STRING_CATALOGS = YES;
				MTL_ENABLE_DEBUG_INFO = NO;
				MTL_FAST_MATH = YES;
				SDKROOT = iphoneos;
				SWIFT_COMPILATION_MODE = wholemodule;
				VALIDATE_PRODUCT = YES;
			};
			name = Release;
		};
		759C55B12B7613B1007C5024 /* Debug */ = {
			isa = XCBuildConfiguration;
			baseConfigurationReference = 5387BA2116861D3D0DE91B9B /* Pods-NasaDayPic.debug.xcconfig */;
			buildSettings = {
				ASSETCATALOG_COMPILER_APPICON_NAME = AppIcon;
				ASSETCATALOG_COMPILER_GLOBAL_ACCENT_COLOR_NAME = AccentColor;
				CODE_SIGN_STYLE = Automatic;
				CURRENT_PROJECT_VERSION = 1;
				DEVELOPMENT_TEAM = S7DZ5Y7M7U;
				GENERATE_INFOPLIST_FILE = YES;
				INFOPLIST_FILE = NasaDayPic/Info.plist;
				INFOPLIST_KEY_UIApplicationSupportsIndirectInputEvents = YES;
				INFOPLIST_KEY_UILaunchStoryboardName = LaunchScreen;
				INFOPLIST_KEY_UISupportedInterfaceOrientations_iPad = "UIInterfaceOrientationPortrait UIInterfaceOrientationPortraitUpsideDown UIInterfaceOrientationLandscapeLeft UIInterfaceOrientationLandscapeRight";
				INFOPLIST_KEY_UISupportedInterfaceOrientations_iPhone = "UIInterfaceOrientationPortrait UIInterfaceOrientationLandscapeLeft UIInterfaceOrientationLandscapeRight";
				IPHONEOS_DEPLOYMENT_TARGET = 15.1;
				LD_RUNPATH_SEARCH_PATHS = (
					"$(inherited)",
					"@executable_path/Frameworks",
				);
				MARKETING_VERSION = 1.0;
				PRODUCT_BUNDLE_IDENTIFIER = com.Test.NasaDayPic;
				PRODUCT_NAME = "$(TARGET_NAME)";
				SWIFT_EMIT_LOC_STRINGS = YES;
				SWIFT_VERSION = 5.0;
				TARGETED_DEVICE_FAMILY = "1,2";
			};
			name = Debug;
		};
		759C55B22B7613B1007C5024 /* Release */ = {
			isa = XCBuildConfiguration;
			baseConfigurationReference = D5999C2FCE24A091944FB5DA /* Pods-NasaDayPic.release.xcconfig */;
			buildSettings = {
				ASSETCATALOG_COMPILER_APPICON_NAME = AppIcon;
				ASSETCATALOG_COMPILER_GLOBAL_ACCENT_COLOR_NAME = AccentColor;
				CODE_SIGN_STYLE = Automatic;
				CURRENT_PROJECT_VERSION = 1;
				DEVELOPMENT_TEAM = S7DZ5Y7M7U;
				GENERATE_INFOPLIST_FILE = YES;
				INFOPLIST_FILE = NasaDayPic/Info.plist;
				INFOPLIST_KEY_UIApplicationSupportsIndirectInputEvents = YES;
				INFOPLIST_KEY_UILaunchStoryboardName = LaunchScreen;
				INFOPLIST_KEY_UISupportedInterfaceOrientations_iPad = "UIInterfaceOrientationPortrait UIInterfaceOrientationPortraitUpsideDown UIInterfaceOrientationLandscapeLeft UIInterfaceOrientationLandscapeRight";
				INFOPLIST_KEY_UISupportedInterfaceOrientations_iPhone = "UIInterfaceOrientationPortrait UIInterfaceOrientationLandscapeLeft UIInterfaceOrientationLandscapeRight";
				IPHONEOS_DEPLOYMENT_TARGET = 15.1;
				LD_RUNPATH_SEARCH_PATHS = (
					"$(inherited)",
					"@executable_path/Frameworks",
				);
				MARKETING_VERSION = 1.0;
				PRODUCT_BUNDLE_IDENTIFIER = com.Test.NasaDayPic;
				PRODUCT_NAME = "$(TARGET_NAME)";
				SWIFT_EMIT_LOC_STRINGS = YES;
				SWIFT_VERSION = 5.0;
				TARGETED_DEVICE_FAMILY = "1,2";
			};
			name = Release;
		};
/* End XCBuildConfiguration section */

/* Begin XCConfigurationList section */
		759C55972B7613AF007C5024 /* Build configuration list for PBXProject "NasaDayPic" */ = {
			isa = XCConfigurationList;
			buildConfigurations = (
				759C55AE2B7613B1007C5024 /* Debug */,
				759C55AF2B7613B1007C5024 /* Release */,
			);
			defaultConfigurationIsVisible = 0;
			defaultConfigurationName = Release;
		};
		759C55B02B7613B1007C5024 /* Build configuration list for PBXNativeTarget "NasaDayPic" */ = {
			isa = XCConfigurationList;
			buildConfigurations = (
				759C55B12B7613B1007C5024 /* Debug */,
				759C55B22B7613B1007C5024 /* Release */,
			);
			defaultConfigurationIsVisible = 0;
			defaultConfigurationName = Release;
		};
/* End XCConfigurationList section */
	};
	rootObject = 759C55942B7613AF007C5024 /* Project object */;
}
